
Microsoft Visual Studio Solution File, Format Version 12.00
# Visual Studio Version 17
VisualStudioVersion = 17.1.32328.378
MinimumVisualStudioVersion = 10.0.40219.1
Project("{FAE04EC0-301F-11D3-BF4B-00C04F79EFBC}") = "MysqldataTest", "MysqldataTest\MysqldataTest.csproj", "{D6EE35E5-EBED-45DC-B992-066D1284CDFC}"
EndProject
Global
	GlobalSection(SolutionConfigurationPlatforms) = preSolution
		Debug|Any CPU = Debug|Any CPU
		Release|Any CPU = Release|Any CPU
	EndGlobalSection
	GlobalSection(ProjectConfigurationPlatforms) = postSolution
		{D6EE35E5-EBED-45DC-B992-066D1284CDFC}.Debug|Any CPU.ActiveCfg = Debug|Any CPU
		{D6EE35E5-EBED-45DC-B992-066D1284CDFC}.Debug|Any CPU.Build.0 = Debug|Any CPU
		{D6EE35E5-EBED-45DC-B992-066D1284CDFC}.Release|Any CPU.ActiveCfg = Release|Any CPU
		{D6EE35E5-EBED-45DC-B992-066D1284CDFC}.Release|Any CPU.Build.0 = Release|Any CPU
	EndGlobalSection
	GlobalSection(SolutionProperties) = preSolution
		HideSolutionNode = FALSE
	EndGlobalSection
	GlobalSection(ExtensibilityGlobals) = postSolution
		SolutionGuid = {B008DC45-13B9-47D7-BB79-523AEB95580A}
	EndGlobalSection
EndGlobal
